// !$*UTF8*$!
{
	archiveVersion = 1;
	classes = {
	};
	objectVersion = 46;
	objects = {

/* Begin PBXBuildFile section */
		10B3BAB61E5C3EF200138103 /* main.m in Sources */ = {isa = PBXBuildFile; fileRef = 10B3BAB51E5C3EF200138103 /* main.m */; };
		10B3BAB91E5C3EF200138103 /* AppDelegate.m in Sources */ = {isa = PBXBuildFile; fileRef = 10B3BAB81E5C3EF200138103 /* AppDelegate.m */; };
		10B3BABC1E5C3EF200138103 /* ViewController.m in Sources */ = {isa = PBXBuildFile; fileRef = 10B3BABB1E5C3EF200138103 /* ViewController.m */; };
		10B3BABF1E5C3EF200138103 /* Main.storyboard in Resources */ = {isa = PBXBuildFile; fileRef = 10B3BABD1E5C3EF200138103 /* Main.storyboard */; };
		10B3BAC11E5C3EF200138103 /* Assets.xcassets in Resources */ = {isa = PBXBuildFile; fileRef = 10B3BAC01E5C3EF200138103 /* Assets.xcassets */; };
		10B3BAC41E5C3EF200138103 /* LaunchScreen.storyboard in Resources */ = {isa = PBXBuildFile; fileRef = 10B3BAC21E5C3EF200138103 /* LaunchScreen.storyboard */; };
		10B3BAD51E5C3F2300138103 /* HCKnockoutMatchCell.m in Sources */ = {isa = PBXBuildFile; fileRef = 10B3BACD1E5C3F2300138103 /* HCKnockoutMatchCell.m */; };
		10B3BAD61E5C3F2300138103 /* HCKnockoutMatchCell.xib in Resources */ = {isa = PBXBuildFile; fileRef = 10B3BACE1E5C3F2300138103 /* HCKnockoutMatchCell.xib */; };
		10B3BAD71E5C3F2300138103 /* HCKnockoutMatchLayout.m in Sources */ = {isa = PBXBuildFile; fileRef = 10B3BAD01E5C3F2300138103 /* HCKnockoutMatchLayout.m */; };
		10B3BAD81E5C3F2300138103 /* HCKnockoutMatchManager.m in Sources */ = {isa = PBXBuildFile; fileRef = 10B3BAD21E5C3F2300138103 /* HCKnockoutMatchManager.m */; };
		10B3BAD91E5C3F2300138103 /* HCKnockoutMatchView.m in Sources */ = {isa = PBXBuildFile; fileRef = 10B3BAD41E5C3F2300138103 /* HCKnockoutMatchView.m */; };
/* End PBXBuildFile section */

/* Begin PBXFileReference section */
		10B3BAB11E5C3EF200138103 /* KnockoutMatch.app */ = {isa = PBXFileReference; explicitFileType = wrapper.application; includeInIndex = 0; path = KnockoutMatch.app; sourceTree = BUILT_PRODUCTS_DIR; };
		10B3BAB51E5C3EF200138103 /* main.m */ = {isa = PBXFileReference; lastKnownFileType = sourcecode.c.objc; path = main.m; sourceTree = "<group>"; };
		10B3BAB71E5C3EF200138103 /* AppDelegate.h */ = {isa = PBXFileReference; lastKnownFileType = sourcecode.c.h; path = AppDelegate.h; sourceTree = "<group>"; };
		10B3BAB81E5C3EF200138103 /* AppDelegate.m */ = {isa = PBXFileReference; lastKnownFileType = sourcecode.c.objc; path = AppDelegate.m; sourceTree = "<group>"; };
		10B3BABA1E5C3EF200138103 /* ViewController.h */ = {isa = PBXFileReference; lastKnownFileType = sourcecode.c.h; path = ViewController.h; sourceTree = "<group>"; };
		10B3BABB1E5C3EF200138103 /* ViewController.m */ = {isa = PBXFileReference; lastKnownFileType = sourcecode.c.objc; path = ViewController.m; sourceTree = "<group>"; };
		10B3BABE1E5C3EF200138103 /* Base */ = {isa = PBXFileReference; lastKnownFileType = file.storyboard; name = Base; path = Base.lproj/Main.storyboard; sourceTree = "<group>"; };
		10B3BAC01E5C3EF200138103 /* Assets.xcassets */ = {isa = PBXFileReference; lastKnownFileType = folder.assetcatalog; path = Assets.xcassets; sourceTree = "<group>"; };
		10B3BAC31E5C3EF200138103 /* Base */ = {isa = PBXFileReference; lastKnownFileType = file.storyboard; name = Base; path = Base.lproj/LaunchScreen.storyboard; sourceTree = "<group>"; };
		10B3BAC51E5C3EF200138103 /* Info.plist */ = {isa = PBXFileReference; lastKnownFileType = text.plist.xml; path = Info.plist; sourceTree = "<group>"; };
		10B3BACC1E5C3F2300138103 /* HCKnockoutMatchCell.h */ = {isa = PBXFileReference; fileEncoding = 4; lastKnownFileType = sourcecode.c.h; path = HCKnockoutMatchCell.h; sourceTree = "<group>"; };
		10B3BACD1E5C3F2300138103 /* HCKnockoutMatchCell.m */ = {isa = PBXFileReference; fileEncoding = 4; lastKnownFileType = sourcecode.c.objc; path = HCKnockoutMatchCell.m; sourceTree = "<group>"; };
		10B3BACE1E5C3F2300138103 /* HCKnockoutMatchCell.xib */ = {isa = PBXFileReference; fileEncoding = 4; lastKnownFileType = file.xib; path = HCKnockoutMatchCell.xib; sourceTree = "<group>"; };
		10B3BACF1E5C3F2300138103 /* HCKnockoutMatchLayout.h */ = {isa = PBXFileReference; fileEncoding = 4; lastKnownFileType = sourcecode.c.h; path = HCKnockoutMatchLayout.h; sourceTree = "<group>"; };
		10B3BAD01E5C3F2300138103 /* HCKnockoutMatchLayout.m */ = {isa = PBXFileReference; fileEncoding = 4; lastKnownFileType = sourcecode.c.objc; path = HCKnockoutMatchLayout.m; sourceTree = "<group>"; };
		10B3BAD11E5C3F2300138103 /* HCKnockoutMatchManager.h */ = {isa = PBXFileReference; fileEncoding = 4; lastKnownFileType = sourcecode.c.h; path = HCKnockoutMatchManager.h; sourceTree = "<group>"; };
		10B3BAD21E5C3F2300138103 /* HCKnockoutMatchManager.m */ = {isa = PBXFileReference; fileEncoding = 4; lastKnownFileType = sourcecode.c.objc; path = HCKnockoutMatchManager.m; sourceTree = "<group>"; };
		10B3BAD31E5C3F2300138103 /* HCKnockoutMatchView.h */ = {isa = PBXFileReference; fileEncoding = 4; lastKnownFileType = sourcecode.c.h; path = HCKnockoutMatchView.h; sourceTree = "<group>"; };
		10B3BAD41E5C3F2300138103 /* HCKnockoutMatchView.m */ = {isa = PBXFileReference; fileEncoding = 4; lastKnownFileType = sourcecode.c.objc; path = HCKnockoutMatchView.m; sourceTree = "<group>"; };
/* End PBXFileReference section */

/* Begin PBXFrameworksBuildPhase section */
		10B3BAAE1E5C3EF200138103 /* Frameworks */ = {
			isa = PBXFrameworksBuildPhase;
			buildActionMask = 2147483647;
			files = (
			);
			runOnlyForDeploymentPostprocessing = 0;
		};
/* End PBXFrameworksBuildPhase section */

/* Begin PBXGroup section */
		10B3BAA81E5C3EF200138103 = {
			isa = PBXGroup;
			children = (
				10B3BAB31E5C3EF200138103 /* KnockoutMatch */,
				10B3BAB21E5C3EF200138103 /* Products */,
			);
			sourceTree = "<group>";
		};
		10B3BAB21E5C3EF200138103 /* Products */ = {
			isa = PBXGroup;
			children = (
				10B3BAB11E5C3EF200138103 /* KnockoutMatch.app */,
			);
			name = Products;
			sourceTree = "<group>";
		};
		10B3BAB31E5C3EF200138103 /* KnockoutMatch */ = {
			isa = PBXGroup;
			children = (
				10B3BACB1E5C3F2300138103 /* Classes */,
				10B3BAB71E5C3EF200138103 /* AppDelegate.h */,
				10B3BAB81E5C3EF200138103 /* AppDelegate.m */,
				10B3BABA1E5C3EF200138103 /* ViewController.h */,
				10B3BABB1E5C3EF200138103 /* ViewController.m */,
				10B3BABD1E5C3EF200138103 /* Main.storyboard */,
				10B3BAC01E5C3EF200138103 /* Assets.xcassets */,
				10B3BAC21E5C3EF200138103 /* LaunchScreen.storyboard */,
				10B3BAC51E5C3EF200138103 /* Info.plist */,
				10B3BAB41E5C3EF200138103 /* Supporting Files */,
			);
			path = KnockoutMatch;
			sourceTree = "<group>";
		};
		10B3BAB41E5C3EF200138103 /* Supporting Files */ = {
			isa = PBXGroup;
			children = (
				10B3BAB51E5C3EF200138103 /* main.m */,
			);
			name = "Supporting Files";
			sourceTree = "<group>";
		};
		10B3BACB1E5C3F2300138103 /* Classes */ = {
			isa = PBXGroup;
			children = (
				10B3BACC1E5C3F2300138103 /* HCKnockoutMatchCell.h */,
				10B3BACD1E5C3F2300138103 /* HCKnockoutMatchCell.m */,
				10B3BACE1E5C3F2300138103 /* HCKnockoutMatchCell.xib */,
				10B3BACF1E5C3F2300138103 /* HCKnockoutMatchLayout.h */,
				10B3BAD01E5C3F2300138103 /* HCKnockoutMatchLayout.m */,
				10B3BAD11E5C3F2300138103 /* HCKnockoutMatchManager.h */,
				10B3BAD21E5C3F2300138103 /* HCKnockoutMatchManager.m */,
				10B3BAD31E5C3F2300138103 /* HCKnockoutMatchView.h */,
				10B3BAD41E5C3F2300138103 /* HCKnockoutMatchView.m */,
			);
			path = Classes;
			sourceTree = "<group>";
		};
/* End PBXGroup section */

/* Begin PBXNativeTarget section */
		10B3BAB01E5C3EF200138103 /* KnockoutMatch */ = {
			isa = PBXNativeTarget;
			buildConfigurationList = 10B3BAC81E5C3EF200138103 /* Build configuration list for PBXNativeTarget "KnockoutMatch" */;
			buildPhases = (
				10B3BAAD1E5C3EF200138103 /* Sources */,
				10B3BAAE1E5C3EF200138103 /* Frameworks */,
				10B3BAAF1E5C3EF200138103 /* Resources */,
			);
			buildRules = (
			);
			dependencies = (
			);
			name = KnockoutMatch;
			productName = KnockoutMatch;
			productReference = 10B3BAB11E5C3EF200138103 /* KnockoutMatch.app */;
			productType = "com.apple.product-type.application";
		};
/* End PBXNativeTarget section */

/* Begin PBXProject section */
		10B3BAA91E5C3EF200138103 /* Project object */ = {
			isa = PBXProject;
			attributes = {
				LastUpgradeCheck = 0820;
				ORGANIZATIONNAME = hc;
				TargetAttributes = {
					10B3BAB01E5C3EF200138103 = {
						CreatedOnToolsVersion = 8.2.1;
						DevelopmentTeam = L2ZY2L7GYS;
						ProvisioningStyle = Automatic;
					};
				};
			};
			buildConfigurationList = 10B3BAAC1E5C3EF200138103 /* Build configuration list for PBXProject "KnockoutMatch" */;
			compatibilityVersion = "Xcode 3.2";
			developmentRegion = English;
			hasScannedForEncodings = 0;
			knownRegions = (
				en,
				Base,
			);
			mainGroup = 10B3BAA81E5C3EF200138103;
			productRefGroup = 10B3BAB21E5C3EF200138103 /* Products */;
			projectDirPath = "";
			projectRoot = "";
			targets = (
				10B3BAB01E5C3EF200138103 /* KnockoutMatch */,
			);
		};
/* End PBXProject section */

/* Begin PBXResourcesBuildPhase section */
		10B3BAAF1E5C3EF200138103 /* Resources */ = {
			isa = PBXResourcesBuildPhase;
			buildActionMask = 2147483647;
			files = (
				10B3BAC41E5C3EF200138103 /* LaunchScreen.storyboard in Resources */,
				10B3BAC11E5C3EF200138103 /* Assets.xcassets in Resources */,
				10B3BABF1E5C3EF200138103 /* Main.storyboard in Resources */,
				10B3BAD61E5C3F2300138103 /* HCKnockoutMatchCell.xib in Resources */,
			);
			runOnlyForDeploymentPostprocessing = 0;
		};
/* End PBXResourcesBuildPhase section */

/* Begin PBXSourcesBuildPhase section */
		10B3BAAD1E5C3EF200138103 /* Sources */ = {
			isa = PBXSourcesBuildPhase;
			buildActionMask = 2147483647;
			files = (
				10B3BABC1E5C3EF200138103 /* ViewController.m in Sources */,
				10B3BAD71E5C3F2300138103 /* HCKnockoutMatchLayout.m in Sources */,
				10B3BAB91E5C3EF200138103 /* AppDelegate.m in Sources */,
				10B3BAD81E5C3F2300138103 /* HCKnockoutMatchManager.m in Sources */,
				10B3BAB61E5C3EF200138103 /* main.m in Sources */,
				10B3BAD51E5C3F2300138103 /* HCKnockoutMatchCell.m in Sources */,
				10B3BAD91E5C3F2300138103 /* HCKnockoutMatchView.m in Sources */,
			);
			runOnlyForDeploymentPostprocessing = 0;
		};
/* End PBXSourcesBuildPhase section */

/* Begin PBXVariantGroup section */
		10B3BABD1E5C3EF200138103 /* Main.storyboard */ = {
			isa = PBXVariantGroup;
			children = (
				10B3BABE1E5C3EF200138103 /* Base */,
			);
			name = Main.storyboard;
			sourceTree = "<group>";
		};
		10B3BAC21E5C3EF200138103 /* LaunchScreen.storyboard */ = {
			isa = PBXVariantGroup;
			children = (
				10B3BAC31E5C3EF200138103 /* Base */,
			);
			name = LaunchScreen.storyboard;
			sourceTree = "<group>";
		};
/* End PBXVariantGroup section */

/* Begin XCBuildConfiguration section */
		10B3BAC61E5C3EF200138103 /* Debug */ = {
			isa = XCBuildConfiguration;
			buildSettings = {
				ALWAYS_SEARCH_USER_PATHS = NO;
				CLANG_ANALYZER_NONNULL = YES;
				CLANG_CXX_LANGUAGE_STANDARD = "gnu++0x";
				CLANG_CXX_LIBRARY = "libc++";
				CLANG_ENABLE_MODULES = YES;
				CLANG_ENABLE_OBJC_ARC = YES;
				CLANG_WARN_BOOL_CONVERSION = YES;
				CLANG_WARN_CONSTANT_CONVERSION = YES;
				CLANG_WARN_DIRECT_OBJC_ISA_USAGE = YES_ERROR;
				CLANG_WARN_DOCUMENTATION_COMMENTS = YES;
				CLANG_WARN_EMPTY_BODY = YES;
				CLANG_WARN_ENUM_CONVERSION = YES;
				CLANG_WARN_INFINITE_RECURSION = YES;
				CLANG_WARN_INT_CONVERSION = YES;
				CLANG_WARN_OBJC_ROOT_CLASS = YES_ERROR;
				CLANG_WARN_SUSPICIOUS_MOVE = YES;
				CLANG_WARN_UNREACHABLE_CODE = YES;
				CLANG_WARN__DUPLICATE_METHOD_MATCH = YES;
				"CODE_SIGN_IDENTITY[sdk=iphoneos*]" = "iPhone Developer";
				COPY_PHASE_STRIP = NO;
				DEBUG_INFORMATION_FORMAT = dwarf;
				ENABLE_STRICT_OBJC_MSGSEND = YES;
				ENABLE_TESTABILITY = YES;
				GCC_C_LANGUAGE_STANDARD = gnu99;
				GCC_DYNAMIC_NO_PIC = NO;
				GCC_NO_COMMON_BLOCKS = YES;
				GCC_OPTIMIZATION_LEVEL = 0;
				GCC_PREPROCESSOR_DEFINITIONS = (
					"DEBUG=1",
					"$(inherited)",
				);
				GCC_WARN_64_TO_32_BIT_CONVERSION = YES;
				GCC_WARN_ABOUT_RETURN_TYPE = YES_ERROR;
				GCC_WARN_UNDECLARED_SELECTOR = YES;
				GCC_WARN_UNINITIALIZED_AUTOS = YES_AGGRESSIVE;
				GCC_WARN_UNUSED_FUNCTION = YES;
				GCC_WARN_UNUSED_VARIABLE = YES;
				IPHONEOS_DEPLOYMENT_TARGET = 10.2;
				MTL_ENABLE_DEBUG_INFO = YES;
				ONLY_ACTIVE_ARCH = YES;
				SDKROOT = iphoneos;
			};
			name = Debug;
		};
		10B3BAC71E5C3EF200138103 /* Release */ = {
			isa = XCBuildConfiguration;
			buildSettings = {
				ALWAYS_SEARCH_USER_PATHS = NO;
				CLANG_ANALYZER_NONNULL = YES;
				CLANG_CXX_LANGUAGE_STANDARD = "gnu++0x";
				CLANG_CXX_LIBRARY = "libc++";
				CLANG_ENABLE_MODULES = YES;
				CLANG_ENABLE_OBJC_ARC = YES;
				CLANG_WARN_BOOL_CONVERSION = YES;
				CLANG_WARN_CONSTANT_CONVERSION = YES;
				CLANG_WARN_DIRECT_OBJC_ISA_USAGE = YES_ERROR;
				CLANG_WARN_DOCUMENTATION_COMMENTS = YES;
				CLANG_WARN_EMPTY_BODY = YES;
				CLANG_WARN_ENUM_CONVERSION = YES;
				CLANG_WARN_INFINITE_RECURSION = YES;
				CLANG_WARN_INT_CONVERSION = YES;
				CLANG_WARN_OBJC_ROOT_CLASS = YES_ERROR;
				CLANG_WARN_SUSPICIOUS_MOVE = YES;
				CLANG_WARN_UNREACHABLE_CODE = YES;
				CLANG_WARN__DUPLICATE_METHOD_MATCH = YES;
				"CODE_SIGN_IDENTITY[sdk=iphoneos*]" = "iPhone Developer";
				COPY_PHASE_STRIP = NO;
				DEBUG_INFORMATION_FORMAT = "dwarf-with-dsym";
				ENABLE_NS_ASSERTIONS = NO;
				ENABLE_STRICT_OBJC_MSGSEND = YES;
				GCC_C_LANGUAGE_STANDARD = gnu99;
				GCC_NO_COMMON_BLOCKS = YES;
				GCC_WARN_64_TO_32_BIT_CONVERSION = YES;
				GCC_WARN_ABOUT_RETURN_TYPE = YES_ERROR;
				GCC_WARN_UNDECLARED_SELECTOR = YES;
				GCC_WARN_UNINITIALIZED_AUTOS = YES_AGGRESSIVE;
				GCC_WARN_UNUSED_FUNCTION = YES;
				GCC_WARN_UNUSED_VARIABLE = YES;
				IPHONEOS_DEPLOYMENT_TARGET = 10.2;
				MTL_ENABLE_DEBUG_INFO = NO;
				SDKROOT = iphoneos;
				VALIDATE_PRODUCT = YES;
			};
			name = Release;
		};
		10B3BAC91E5C3EF200138103 /* Debug */ = {
			isa = XCBuildConfiguration;
			buildSettings = {
				ASSETCATALOG_COMPILER_APPICON_NAME = AppIcon;
				DEVELOPMENT_TEAM = L2ZY2L7GYS;
				INFOPLIST_FILE = KnockoutMatch/Info.plist;
				IPHONEOS_DEPLOYMENT_TARGET = 8.0;
				LD_RUNPATH_SEARCH_PATHS = "$(inherited) @executable_path/Frameworks";
				PRODUCT_BUNDLE_IDENTIFIER = hc.KnockoutMatch;
				PRODUCT_NAME = "$(TARGET_NAME)";
			};
			name = Debug;
		};
		10B3BACA1E5C3EF200138103 /* Release */ = {
			isa = XCBuildConfiguration;
			buildSettings = {
				ASSETCATALOG_COMPILER_APPICON_NAME = AppIcon;
				DEVELOPMENT_TEAM = L2ZY2L7GYS;
				INFOPLIST_FILE = KnockoutMatch/Info.plist;
				IPHONEOS_DEPLOYMENT_TARGET = 8.0;
				LD_RUNPATH_SEARCH_PATHS = "$(inherited) @executable_path/Frameworks";
				PRODUCT_BUNDLE_IDENTIFIER = hc.KnockoutMatch;
				PRODUCT_NAME = "$(TARGET_NAME)";
			};
			name = Release;
		};
/* End XCBuildConfiguration section */

/* Begin XCConfigurationList section */
		10B3BAAC1E5C3EF200138103 /* Build configuration list for PBXProject "KnockoutMatch" */ = {
			isa = XCConfigurationList;
			buildConfigurations = (
				10B3BAC61E5C3EF200138103 /* Debug */,
				10B3BAC71E5C3EF200138103 /* Release */,
			);
			defaultConfigurationIsVisible = 0;
			defaultConfigurationName = Release;
		};
		10B3BAC81E5C3EF200138103 /* Build configuration list for PBXNativeTarget "KnockoutMatch" */ = {
			isa = XCConfigurationList;
			buildConfigurations = (
				10B3BAC91E5C3EF200138103 /* Debug */,
				10B3BACA1E5C3EF200138103 /* Release */,
			);
			defaultConfigurationIsVisible = 0;
			defaultConfigurationName = Release;
		};
/* End XCConfigurationList section */
	};
	rootObject = 10B3BAA91E5C3EF200138103 /* Project object */;
}
